
Microsoft Visual Studio Solution File, Format Version 12.00
# Visual Studio Version 17
VisualStudioVersion = 17.0.32014.148
MinimumVisualStudioVersion = 10.0.40219.1
Project("{9A19103F-16F7-4668-BE54-9A1E7A4F7556}") = "laberpro", "laberpro.csproj", "{A8916988-D792-4BEE-AAF1-C50682C6E00B}"
EndProject
Global
	GlobalSection(SolutionConfigurationPlatforms) = preSolution
		Debug|Any CPU = Debug|Any CPU
		Release|Any CPU = Release|Any CPU
	EndGlobalSection
	GlobalSection(ProjectConfigurationPlatforms) = postSolution
		{A8916988-D792-4BEE-AAF1-C50682C6E00B}.Debug|Any CPU.ActiveCfg = Debug|Any CPU
		{A8916988-D792-4BEE-AAF1-C50682C6E00B}.Debug|Any CPU.Build.0 = Debug|Any CPU
		{A8916988-D792-4BEE-AAF1-C50682C6E00B}.Release|Any CPU.ActiveCfg = Release|Any CPU
		{A8916988-D792-4BEE-AAF1-C50682C6E00B}.Release|Any CPU.Build.0 = Release|Any CPU
	EndGlobalSection
	GlobalSection(SolutionProperties) = preSolution
		HideSolutionNode = FALSE
	EndGlobalSection
	GlobalSection(ExtensibilityGlobals) = postSolution
		SolutionGuid = {1077BFD3-3F63-4C51-8E9F-C890D85BB530}
	EndGlobalSection
EndGlobal
